// !$*UTF8*$!
{
	archiveVersion = 1;
	classes = {
	};
	objectVersion = 70;
	objects = {

/* Begin PBXBuildFile section */
		8203EDF92D1BFD71007F38EB /* AddJournalEntryView.swift in Sources */ = {isa = PBXBuildFile; fileRef = 8203EDF82D1BFD71007F38EB /* AddJournalEntryView.swift */; };
		820A71832D1A4BA3003090BB /* PreviewMockDataHelper.swift in Sources */ = {isa = PBXBuildFile; fileRef = 820A71822D1A4BA3003090BB /* PreviewMockDataHelper.swift */; };
		820A71892D1A50FC003090BB /* JournalCell.swift in Sources */ = {isa = PBXBuildFile; fileRef = 820A71882D1A50FC003090BB /* JournalCell.swift */; };
		820A718B2D1A726A003090BB /* Date.swift in Sources */ = {isa = PBXBuildFile; fileRef = 820A718A2D1A726A003090BB /* Date.swift */; };
		820A718F2D1A7F22003090BB /* Poppins-Regular.ttf in Resources */ = {isa = PBXBuildFile; fileRef = 820A718D2D1A7F22003090BB /* Poppins-Regular.ttf */; };
		820A71902D1A7F22003090BB /* Poppins-Thin.ttf in Resources */ = {isa = PBXBuildFile; fileRef = 820A718E2D1A7F22003090BB /* Poppins-Thin.ttf */; };
		820A71912D1A7F22003090BB /* Poppins-Bold.ttf in Resources */ = {isa = PBXBuildFile; fileRef = 820A718C2D1A7F22003090BB /* Poppins-Bold.ttf */; };
		8234A4D82D570C4F004D49DC /* LocalJournalEntryRepository.swift in Sources */ = {isa = PBXBuildFile; fileRef = 8234A4D72D570C47004D49DC /* LocalJournalEntryRepository.swift */; };
		82946F8B2D1D14EE006E8B12 /* HomeConstants.swift in Sources */ = {isa = PBXBuildFile; fileRef = 82946F8A2D1D14EE006E8B12 /* HomeConstants.swift */; };
		82946F942D1D6741006E8B12 /* View.swift in Sources */ = {isa = PBXBuildFile; fileRef = 82946F932D1D6741006E8B12 /* View.swift */; };
		82946F962D1D6C27006E8B12 /* HomeViewModel.swift in Sources */ = {isa = PBXBuildFile; fileRef = 82946F952D1D6C27006E8B12 /* HomeViewModel.swift */; };
		82A1D3132D1FFDA200D49144 /* JournalEntriesRepository.swift in Sources */ = {isa = PBXBuildFile; fileRef = 82A1D3122D1FFDA200D49144 /* JournalEntriesRepository.swift */; };
		82A1D3152D1FFE6900D49144 /* InMemoryJournalEntriesRepository.swift in Sources */ = {isa = PBXBuildFile; fileRef = 82A1D3142D1FFE6900D49144 /* InMemoryJournalEntriesRepository.swift */; };
		82D1C89C2D0EE67900265643 /* Mood_ScribblerApp.swift in Sources */ = {isa = PBXBuildFile; fileRef = 82D1C89B2D0EE67900265643 /* Mood_ScribblerApp.swift */; };
		82D1C89E2D0EE67900265643 /* HomeView.swift in Sources */ = {isa = PBXBuildFile; fileRef = 82D1C89D2D0EE67900265643 /* HomeView.swift */; };
		82D1C8A02D0EE67A00265643 /* Assets.xcassets in Resources */ = {isa = PBXBuildFile; fileRef = 82D1C89F2D0EE67A00265643 /* Assets.xcassets */; };
		82D1C8A32D0EE67A00265643 /* Preview Assets.xcassets in Resources */ = {isa = PBXBuildFile; fileRef = 82D1C8A22D0EE67A00265643 /* Preview Assets.xcassets */; };
		82D1C8B42D0EEB0E00265643 /* CustomFont.swift in Sources */ = {isa = PBXBuildFile; fileRef = 82D1C8B32D0EEB0E00265643 /* CustomFont.swift */; };
		82ECF3762D17B6AC00C57C83 /* AppColorTheme.swift in Sources */ = {isa = PBXBuildFile; fileRef = 82ECF3752D17B6AC00C57C83 /* AppColorTheme.swift */; };
/* End PBXBuildFile section */

/* Begin PBXFileReference section */
		8203EDF82D1BFD71007F38EB /* AddJournalEntryView.swift */ = {isa = PBXFileReference; lastKnownFileType = sourcecode.swift; path = AddJournalEntryView.swift; sourceTree = "<group>"; };
		820A71822D1A4BA3003090BB /* PreviewMockDataHelper.swift */ = {isa = PBXFileReference; lastKnownFileType = sourcecode.swift; path = PreviewMockDataHelper.swift; sourceTree = "<group>"; };
		820A71882D1A50FC003090BB /* JournalCell.swift */ = {isa = PBXFileReference; lastKnownFileType = sourcecode.swift; path = JournalCell.swift; sourceTree = "<group>"; };
		820A718A2D1A726A003090BB /* Date.swift */ = {isa = PBXFileReference; lastKnownFileType = sourcecode.swift; path = Date.swift; sourceTree = "<group>"; };
		820A718C2D1A7F22003090BB /* Poppins-Bold.ttf */ = {isa = PBXFileReference; lastKnownFileType = file; path = "Poppins-Bold.ttf"; sourceTree = "<group>"; };
		820A718D2D1A7F22003090BB /* Poppins-Regular.ttf */ = {isa = PBXFileReference; lastKnownFileType = file; path = "Poppins-Regular.ttf"; sourceTree = "<group>"; };
		820A718E2D1A7F22003090BB /* Poppins-Thin.ttf */ = {isa = PBXFileReference; lastKnownFileType = file; path = "Poppins-Thin.ttf"; sourceTree = "<group>"; };
		8234A4D72D570C47004D49DC /* LocalJournalEntryRepository.swift */ = {isa = PBXFileReference; lastKnownFileType = sourcecode.swift; path = LocalJournalEntryRepository.swift; sourceTree = "<group>"; };
		82946F8A2D1D14EE006E8B12 /* HomeConstants.swift */ = {isa = PBXFileReference; lastKnownFileType = sourcecode.swift; path = HomeConstants.swift; sourceTree = "<group>"; };
		82946F932D1D6741006E8B12 /* View.swift */ = {isa = PBXFileReference; lastKnownFileType = sourcecode.swift; path = View.swift; sourceTree = "<group>"; };
		82946F952D1D6C27006E8B12 /* HomeViewModel.swift */ = {isa = PBXFileReference; lastKnownFileType = sourcecode.swift; path = HomeViewModel.swift; sourceTree = "<group>"; };
		82A1D3122D1FFDA200D49144 /* JournalEntriesRepository.swift */ = {isa = PBXFileReference; lastKnownFileType = sourcecode.swift; path = JournalEntriesRepository.swift; sourceTree = "<group>"; };
		82A1D3142D1FFE6900D49144 /* InMemoryJournalEntriesRepository.swift */ = {isa = PBXFileReference; lastKnownFileType = sourcecode.swift; path = InMemoryJournalEntriesRepository.swift; sourceTree = "<group>"; };
		82D1C8982D0EE67900265643 /* Mood Scribbler.app */ = {isa = PBXFileReference; explicitFileType = wrapper.application; includeInIndex = 0; path = "Mood Scribbler.app"; sourceTree = BUILT_PRODUCTS_DIR; };
		82D1C89B2D0EE67900265643 /* Mood_ScribblerApp.swift */ = {isa = PBXFileReference; lastKnownFileType = sourcecode.swift; path = Mood_ScribblerApp.swift; sourceTree = "<group>"; };
		82D1C89D2D0EE67900265643 /* HomeView.swift */ = {isa = PBXFileReference; lastKnownFileType = sourcecode.swift; path = HomeView.swift; sourceTree = "<group>"; };
		82D1C89F2D0EE67A00265643 /* Assets.xcassets */ = {isa = PBXFileReference; lastKnownFileType = folder.assetcatalog; path = Assets.xcassets; sourceTree = "<group>"; };
		82D1C8A22D0EE67A00265643 /* Preview Assets.xcassets */ = {isa = PBXFileReference; lastKnownFileType = folder.assetcatalog; path = "Preview Assets.xcassets"; sourceTree = "<group>"; };
		82D1C8AF2D0EE8E100265643 /* Mood-Scribbler-Info.plist */ = {isa = PBXFileReference; lastKnownFileType = text.plist; path = "Mood-Scribbler-Info.plist"; sourceTree = SOURCE_ROOT; };
		82D1C8B32D0EEB0E00265643 /* CustomFont.swift */ = {isa = PBXFileReference; lastKnownFileType = sourcecode.swift; path = CustomFont.swift; sourceTree = "<group>"; };
		82ECF3752D17B6AC00C57C83 /* AppColorTheme.swift */ = {isa = PBXFileReference; lastKnownFileType = sourcecode.swift; path = AppColorTheme.swift; sourceTree = "<group>"; };
/* End PBXFileReference section */

/* Begin PBXFileSystemSynchronizedRootGroup section */
		8234A4D62D56FEB9004D49DC /* Models */ = {isa = PBXFileSystemSynchronizedRootGroup; explicitFileTypes = {}; explicitFolders = (); path = Models; sourceTree = "<group>"; };
		8234A4D92D570EA6004D49DC /* Database */ = {isa = PBXFileSystemSynchronizedRootGroup; explicitFileTypes = {}; explicitFolders = (); path = Database; sourceTree = "<group>"; };
		82946F8C2D1D3D38006E8B12 /* UIHelpers */ = {isa = PBXFileSystemSynchronizedRootGroup; explicitFileTypes = {}; explicitFolders = (); path = UIHelpers; sourceTree = "<group>"; };
/* End PBXFileSystemSynchronizedRootGroup section */

/* Begin PBXFrameworksBuildPhase section */
		82D1C8952D0EE67900265643 /* Frameworks */ = {
			isa = PBXFrameworksBuildPhase;
			buildActionMask = 2147483647;
			files = (
			);
			runOnlyForDeploymentPostprocessing = 0;
		};
/* End PBXFrameworksBuildPhase section */

/* Begin PBXGroup section */
		821468232D1794B60016E1CC /* UIStyling */ = {
			isa = PBXGroup;
			children = (
				82D1C8B32D0EEB0E00265643 /* CustomFont.swift */,
				82ECF3752D17B6AC00C57C83 /* AppColorTheme.swift */,
			);
			path = UIStyling;
			sourceTree = "<group>";
		};
		821468242D1795010016E1CC /* Features */ = {
			isa = PBXGroup;
			children = (
				821468272D1797000016E1CC /* BaseShared */,
				821468262D1796F70016E1CC /* Home */,
			);
			path = Features;
			sourceTree = "<group>";
		};
		821468252D1795100016E1CC /* Extensions */ = {
			isa = PBXGroup;
			children = (
				820A718A2D1A726A003090BB /* Date.swift */,
				82946F932D1D6741006E8B12 /* View.swift */,
			);
			path = Extensions;
			sourceTree = "<group>";
		};
		821468262D1796F70016E1CC /* Home */ = {
			isa = PBXGroup;
			children = (
				8214682E2D1797420016E1CC /* Views */,
				8214682D2D1797370016E1CC /* ViewModels */,
				8214682C2D17972C0016E1CC /* Services */,
				8214682B2D1797200016E1CC /* Models */,
				8214682A2D1797190016E1CC /* Constants */,
				821468292D1797130016E1CC /* Components */,
			);
			path = Home;
			sourceTree = "<group>";
		};
		821468272D1797000016E1CC /* BaseShared */ = {
			isa = PBXGroup;
			children = (
				8234A4D62D56FEB9004D49DC /* Models */,
				821468302D17975F0016E1CC /* Repositories */,
				8214682F2D17975A0016E1CC /* Constants */,
			);
			path = BaseShared;
			sourceTree = "<group>";
		};
		821468292D1797130016E1CC /* Components */ = {
			isa = PBXGroup;
			children = (
				820A71882D1A50FC003090BB /* JournalCell.swift */,
				8203EDF82D1BFD71007F38EB /* AddJournalEntryView.swift */,
			);
			path = Components;
			sourceTree = "<group>";
		};
		8214682A2D1797190016E1CC /* Constants */ = {
			isa = PBXGroup;
			children = (
				82946F8A2D1D14EE006E8B12 /* HomeConstants.swift */,
			);
			path = Constants;
			sourceTree = "<group>";
		};
		8214682B2D1797200016E1CC /* Models */ = {
			isa = PBXGroup;
			children = (
			);
			path = Models;
			sourceTree = "<group>";
		};
		8214682C2D17972C0016E1CC /* Services */ = {
			isa = PBXGroup;
			children = (
			);
			path = Services;
			sourceTree = "<group>";
		};
		8214682D2D1797370016E1CC /* ViewModels */ = {
			isa = PBXGroup;
			children = (
				82946F952D1D6C27006E8B12 /* HomeViewModel.swift */,
			);
			path = ViewModels;
			sourceTree = "<group>";
		};
		8214682E2D1797420016E1CC /* Views */ = {
			isa = PBXGroup;
			children = (
				82D1C89D2D0EE67900265643 /* HomeView.swift */,
			);
			path = Views;
			sourceTree = "<group>";
		};
		8214682F2D17975A0016E1CC /* Constants */ = {
			isa = PBXGroup;
			children = (
				820A71822D1A4BA3003090BB /* PreviewMockDataHelper.swift */,
			);
			path = Constants;
			sourceTree = "<group>";
		};
		821468302D17975F0016E1CC /* Repositories */ = {
			isa = PBXGroup;
			children = (
				8234A4D92D570EA6004D49DC /* Database */,
				8234A4D72D570C47004D49DC /* LocalJournalEntryRepository.swift */,
				82A1D3122D1FFDA200D49144 /* JournalEntriesRepository.swift */,
				82A1D3142D1FFE6900D49144 /* InMemoryJournalEntriesRepository.swift */,
			);
			path = Repositories;
			sourceTree = "<group>";
		};
		82D1C88F2D0EE67900265643 = {
			isa = PBXGroup;
			children = (
				82D1C89A2D0EE67900265643 /* Mood Scribbler */,
				82D1C8992D0EE67900265643 /* Products */,
			);
			sourceTree = "<group>";
		};
		82D1C8992D0EE67900265643 /* Products */ = {
			isa = PBXGroup;
			children = (
				82D1C8982D0EE67900265643 /* Mood Scribbler.app */,
			);
			name = Products;
			sourceTree = "<group>";
		};
		82D1C89A2D0EE67900265643 /* Mood Scribbler */ = {
			isa = PBXGroup;
			children = (
				82D1C8AF2D0EE8E100265643 /* Mood-Scribbler-Info.plist */,
				82D1C8AA2D0EE70800265643 /* Resources */,
				82D1C8A92D0EE6F500265643 /* Core */,
				82D1C89B2D0EE67900265643 /* Mood_ScribblerApp.swift */,
				82D1C89F2D0EE67A00265643 /* Assets.xcassets */,
				82D1C8A12D0EE67A00265643 /* Preview Content */,
			);
			path = "Mood Scribbler";
			sourceTree = "<group>";
		};
		82D1C8A12D0EE67A00265643 /* Preview Content */ = {
			isa = PBXGroup;
			children = (
				82D1C8A22D0EE67A00265643 /* Preview Assets.xcassets */,
			);
			path = "Preview Content";
			sourceTree = "<group>";
		};
		82D1C8A92D0EE6F500265643 /* Core */ = {
			isa = PBXGroup;
			children = (
				821468252D1795100016E1CC /* Extensions */,
				821468242D1795010016E1CC /* Features */,
				82D1C8B02D0EE90A00265643 /* Utilities */,
			);
			path = Core;
			sourceTree = "<group>";
		};
		82D1C8AA2D0EE70800265643 /* Resources */ = {
			isa = PBXGroup;
			children = (
				82D1C8AB2D0EE71000265643 /* Fonts */,
			);
			path = Resources;
			sourceTree = "<group>";
		};
		82D1C8AB2D0EE71000265643 /* Fonts */ = {
			isa = PBXGroup;
			children = (
				820A718C2D1A7F22003090BB /* Poppins-Bold.ttf */,
				820A718D2D1A7F22003090BB /* Poppins-Regular.ttf */,
				820A718E2D1A7F22003090BB /* Poppins-Thin.ttf */,
			);
			path = Fonts;
			sourceTree = "<group>";
		};
		82D1C8B02D0EE90A00265643 /* Utilities */ = {
			isa = PBXGroup;
			children = (
				82946F8C2D1D3D38006E8B12 /* UIHelpers */,
				821468232D1794B60016E1CC /* UIStyling */,
			);
			path = Utilities;
			sourceTree = "<group>";
		};
/* End PBXGroup section */

/* Begin PBXNativeTarget section */
		82D1C8972D0EE67900265643 /* Mood Scribbler */ = {
			isa = PBXNativeTarget;
			buildConfigurationList = 82D1C8A62D0EE67A00265643 /* Build configuration list for PBXNativeTarget "Mood Scribbler" */;
			buildPhases = (
				82D1C8942D0EE67900265643 /* Sources */,
				82D1C8952D0EE67900265643 /* Frameworks */,
				82D1C8962D0EE67900265643 /* Resources */,
			);
			buildRules = (
			);
			dependencies = (
			);
			fileSystemSynchronizedGroups = (
				8234A4D62D56FEB9004D49DC /* Models */,
				8234A4D92D570EA6004D49DC /* Database */,
				82946F8C2D1D3D38006E8B12 /* UIHelpers */,
			);
			name = "Mood Scribbler";
			productName = "Mood Scribbler";
			productReference = 82D1C8982D0EE67900265643 /* Mood Scribbler.app */;
			productType = "com.apple.product-type.application";
		};
/* End PBXNativeTarget section */

/* Begin PBXProject section */
		82D1C8902D0EE67900265643 /* Project object */ = {
			isa = PBXProject;
			attributes = {
				BuildIndependentTargetsInParallel = 1;
				LastSwiftUpdateCheck = 1510;
				LastUpgradeCheck = 1510;
				TargetAttributes = {
					82D1C8972D0EE67900265643 = {
						CreatedOnToolsVersion = 15.1;
					};
				};
			};
			buildConfigurationList = 82D1C8932D0EE67900265643 /* Build configuration list for PBXProject "Mood Scribbler" */;
			compatibilityVersion = "Xcode 14.0";
			developmentRegion = en;
			hasScannedForEncodings = 0;
			knownRegions = (
				en,
				Base,
			);
			mainGroup = 82D1C88F2D0EE67900265643;
			productRefGroup = 82D1C8992D0EE67900265643 /* Products */;
			projectDirPath = "";
			projectRoot = "";
			targets = (
				82D1C8972D0EE67900265643 /* Mood Scribbler */,
			);
		};
/* End PBXProject section */

/* Begin PBXResourcesBuildPhase section */
		82D1C8962D0EE67900265643 /* Resources */ = {
			isa = PBXResourcesBuildPhase;
			buildActionMask = 2147483647;
			files = (
				82D1C8A32D0EE67A00265643 /* Preview Assets.xcassets in Resources */,
				820A718F2D1A7F22003090BB /* Poppins-Regular.ttf in Resources */,
				820A71902D1A7F22003090BB /* Poppins-Thin.ttf in Resources */,
				820A71912D1A7F22003090BB /* Poppins-Bold.ttf in Resources */,
				82D1C8A02D0EE67A00265643 /* Assets.xcassets in Resources */,
			);
			runOnlyForDeploymentPostprocessing = 0;
		};
/* End PBXResourcesBuildPhase section */

/* Begin PBXSourcesBuildPhase section */
		82D1C8942D0EE67900265643 /* Sources */ = {
			isa = PBXSourcesBuildPhase;
			buildActionMask = 2147483647;
			files = (
				82946F942D1D6741006E8B12 /* View.swift in Sources */,
				82D1C89E2D0EE67900265643 /* HomeView.swift in Sources */,
				8234A4D82D570C4F004D49DC /* LocalJournalEntryRepository.swift in Sources */,
				82ECF3762D17B6AC00C57C83 /* AppColorTheme.swift in Sources */,
				820A718B2D1A726A003090BB /* Date.swift in Sources */,
				82D1C8B42D0EEB0E00265643 /* CustomFont.swift in Sources */,
				82A1D3152D1FFE6900D49144 /* InMemoryJournalEntriesRepository.swift in Sources */,
				82D1C89C2D0EE67900265643 /* Mood_ScribblerApp.swift in Sources */,
				82A1D3132D1FFDA200D49144 /* JournalEntriesRepository.swift in Sources */,
				8203EDF92D1BFD71007F38EB /* AddJournalEntryView.swift in Sources */,
				82946F962D1D6C27006E8B12 /* HomeViewModel.swift in Sources */,
				820A71892D1A50FC003090BB /* JournalCell.swift in Sources */,
				82946F8B2D1D14EE006E8B12 /* HomeConstants.swift in Sources */,
				820A71832D1A4BA3003090BB /* PreviewMockDataHelper.swift in Sources */,
			);
			runOnlyForDeploymentPostprocessing = 0;
		};
/* End PBXSourcesBuildPhase section */

/* Begin XCBuildConfiguration section */
		82D1C8A42D0EE67A00265643 /* Debug */ = {
			isa = XCBuildConfiguration;
			buildSettings = {
				ALWAYS_SEARCH_USER_PATHS = NO;
				ASSETCATALOG_COMPILER_GENERATE_SWIFT_ASSET_SYMBOL_EXTENSIONS = YES;
				CLANG_ANALYZER_NONNULL = YES;
				CLANG_ANALYZER_NUMBER_OBJECT_CONVERSION = YES_AGGRESSIVE;
				CLANG_CXX_LANGUAGE_STANDARD = "gnu++20";
				CLANG_ENABLE_MODULES = YES;
				CLANG_ENABLE_OBJC_ARC = YES;
				CLANG_ENABLE_OBJC_WEAK = YES;
				CLANG_WARN_BLOCK_CAPTURE_AUTORELEASING = YES;
				CLANG_WARN_BOOL_CONVERSION = YES;
				CLANG_WARN_COMMA = YES;
				CLANG_WARN_CONSTANT_CONVERSION = YES;
				CLANG_WARN_DEPRECATED_OBJC_IMPLEMENTATIONS = YES;
				CLANG_WARN_DIRECT_OBJC_ISA_USAGE = YES_ERROR;
				CLANG_WARN_DOCUMENTATION_COMMENTS = YES;
				CLANG_WARN_EMPTY_BODY = YES;
				CLANG_WARN_ENUM_CONVERSION = YES;
				CLANG_WARN_INFINITE_RECURSION = YES;
				CLANG_WARN_INT_CONVERSION = YES;
				CLANG_WARN_NON_LITERAL_NULL_CONVERSION = YES;
				CLANG_WARN_OBJC_IMPLICIT_RETAIN_SELF = YES;
				CLANG_WARN_OBJC_LITERAL_CONVERSION = YES;
				CLANG_WARN_OBJC_ROOT_CLASS = YES_ERROR;
				CLANG_WARN_QUOTED_INCLUDE_IN_FRAMEWORK_HEADER = YES;
				CLANG_WARN_RANGE_LOOP_ANALYSIS = YES;
				CLANG_WARN_STRICT_PROTOTYPES = YES;
				CLANG_WARN_SUSPICIOUS_MOVE = YES;
				CLANG_WARN_UNGUARDED_AVAILABILITY = YES_AGGRESSIVE;
				CLANG_WARN_UNREACHABLE_CODE = YES;
				CLANG_WARN__DUPLICATE_METHOD_MATCH = YES;
				COPY_PHASE_STRIP = NO;
				DEBUG_INFORMATION_FORMAT = dwarf;
				ENABLE_STRICT_OBJC_MSGSEND = YES;
				ENABLE_TESTABILITY = YES;
				ENABLE_USER_SCRIPT_SANDBOXING = YES;
				GCC_C_LANGUAGE_STANDARD = gnu17;
				GCC_DYNAMIC_NO_PIC = NO;
				GCC_NO_COMMON_BLOCKS = YES;
				GCC_OPTIMIZATION_LEVEL = 0;
				GCC_PREPROCESSOR_DEFINITIONS = (
					"DEBUG=1",
					"$(inherited)",
				);
				GCC_WARN_64_TO_32_BIT_CONVERSION = YES;
				GCC_WARN_ABOUT_RETURN_TYPE = YES_ERROR;
				GCC_WARN_UNDECLARED_SELECTOR = YES;
				GCC_WARN_UNINITIALIZED_AUTOS = YES_AGGRESSIVE;
				GCC_WARN_UNUSED_FUNCTION = YES;
				GCC_WARN_UNUSED_VARIABLE = YES;
				IPHONEOS_DEPLOYMENT_TARGET = 17.2;
				LOCALIZATION_PREFERS_STRING_CATALOGS = YES;
				MTL_ENABLE_DEBUG_INFO = INCLUDE_SOURCE;
				MTL_FAST_MATH = YES;
				ONLY_ACTIVE_ARCH = YES;
				SDKROOT = iphoneos;
				SWIFT_ACTIVE_COMPILATION_CONDITIONS = "DEBUG $(inherited)";
				SWIFT_OPTIMIZATION_LEVEL = "-Onone";
			};
			name = Debug;
		};
		82D1C8A52D0EE67A00265643 /* Release */ = {
			isa = XCBuildConfiguration;
			buildSettings = {
				ALWAYS_SEARCH_USER_PATHS = NO;
				ASSETCATALOG_COMPILER_GENERATE_SWIFT_ASSET_SYMBOL_EXTENSIONS = YES;
				CLANG_ANALYZER_NONNULL = YES;
				CLANG_ANALYZER_NUMBER_OBJECT_CONVERSION = YES_AGGRESSIVE;
				CLANG_CXX_LANGUAGE_STANDARD = "gnu++20";
				CLANG_ENABLE_MODULES = YES;
				CLANG_ENABLE_OBJC_ARC = YES;
				CLANG_ENABLE_OBJC_WEAK = YES;
				CLANG_WARN_BLOCK_CAPTURE_AUTORELEASING = YES;
				CLANG_WARN_BOOL_CONVERSION = YES;
				CLANG_WARN_COMMA = YES;
				CLANG_WARN_CONSTANT_CONVERSION = YES;
				CLANG_WARN_DEPRECATED_OBJC_IMPLEMENTATIONS = YES;
				CLANG_WARN_DIRECT_OBJC_ISA_USAGE = YES_ERROR;
				CLANG_WARN_DOCUMENTATION_COMMENTS = YES;
				CLANG_WARN_EMPTY_BODY = YES;
				CLANG_WARN_ENUM_CONVERSION = YES;
				CLANG_WARN_INFINITE_RECURSION = YES;
				CLANG_WARN_INT_CONVERSION = YES;
				CLANG_WARN_NON_LITERAL_NULL_CONVERSION = YES;
				CLANG_WARN_OBJC_IMPLICIT_RETAIN_SELF = YES;
				CLANG_WARN_OBJC_LITERAL_CONVERSION = YES;
				CLANG_WARN_OBJC_ROOT_CLASS = YES_ERROR;
				CLANG_WARN_QUOTED_INCLUDE_IN_FRAMEWORK_HEADER = YES;
				CLANG_WARN_RANGE_LOOP_ANALYSIS = YES;
				CLANG_WARN_STRICT_PROTOTYPES = YES;
				CLANG_WARN_SUSPICIOUS_MOVE = YES;
				CLANG_WARN_UNGUARDED_AVAILABILITY = YES_AGGRESSIVE;
				CLANG_WARN_UNREACHABLE_CODE = YES;
				CLANG_WARN__DUPLICATE_METHOD_MATCH = YES;
				COPY_PHASE_STRIP = NO;
				DEBUG_INFORMATION_FORMAT = "dwarf-with-dsym";
				ENABLE_NS_ASSERTIONS = NO;
				ENABLE_STRICT_OBJC_MSGSEND = YES;
				ENABLE_USER_SCRIPT_SANDBOXING = YES;
				GCC_C_LANGUAGE_STANDARD = gnu17;
				GCC_NO_COMMON_BLOCKS = YES;
				GCC_WARN_64_TO_32_BIT_CONVERSION = YES;
				GCC_WARN_ABOUT_RETURN_TYPE = YES_ERROR;
				GCC_WARN_UNDECLARED_SELECTOR = YES;
				GCC_WARN_UNINITIALIZED_AUTOS = YES_AGGRESSIVE;
				GCC_WARN_UNUSED_FUNCTION = YES;
				GCC_WARN_UNUSED_VARIABLE = YES;
				IPHONEOS_DEPLOYMENT_TARGET = 17.2;
				LOCALIZATION_PREFERS_STRING_CATALOGS = YES;
				MTL_ENABLE_DEBUG_INFO = NO;
				MTL_FAST_MATH = YES;
				SDKROOT = iphoneos;
				SWIFT_COMPILATION_MODE = wholemodule;
				VALIDATE_PRODUCT = YES;
			};
			name = Release;
		};
		82D1C8A72D0EE67A00265643 /* Debug */ = {
			isa = XCBuildConfiguration;
			buildSettings = {
				ASSETCATALOG_COMPILER_APPICON_NAME = AppIcon;
				ASSETCATALOG_COMPILER_GLOBAL_ACCENT_COLOR_NAME = AccentColor;
				CODE_SIGN_STYLE = Automatic;
				CURRENT_PROJECT_VERSION = 1;
				DEVELOPMENT_ASSET_PATHS = "\"Mood Scribbler/Preview Content\"";
				DEVELOPMENT_TEAM = HD2Z52M274;
				ENABLE_PREVIEWS = YES;
				GENERATE_INFOPLIST_FILE = YES;
				INFOPLIST_FILE = "Mood-Scribbler-Info.plist";
				INFOPLIST_KEY_UIApplicationSceneManifest_Generation = YES;
				INFOPLIST_KEY_UIApplicationSupportsIndirectInputEvents = YES;
				INFOPLIST_KEY_UILaunchScreen_Generation = YES;
				INFOPLIST_KEY_UISupportedInterfaceOrientations_iPad = "UIInterfaceOrientationPortrait UIInterfaceOrientationPortraitUpsideDown UIInterfaceOrientationLandscapeLeft UIInterfaceOrientationLandscapeRight";
				INFOPLIST_KEY_UISupportedInterfaceOrientations_iPhone = "UIInterfaceOrientationPortrait UIInterfaceOrientationLandscapeLeft UIInterfaceOrientationLandscapeRight";
				INFOPLIST_KEY_UIUserInterfaceStyle = Dark;
				IPHONEOS_DEPLOYMENT_TARGET = 18.0;
				LD_RUNPATH_SEARCH_PATHS = (
					"$(inherited)",
					"@executable_path/Frameworks",
				);
				MARKETING_VERSION = 1.0;
				PRODUCT_BUNDLE_IDENTIFIER = "com.alvindizon.Mood-Scribbler";
				PRODUCT_NAME = "$(TARGET_NAME)";
				SWIFT_EMIT_LOC_STRINGS = YES;
				SWIFT_VERSION = 5.0;
				TARGETED_DEVICE_FAMILY = "1,2";
			};
			name = Debug;
		};
		82D1C8A82D0EE67A00265643 /* Release */ = {
			isa = XCBuildConfiguration;
			buildSettings = {
				ASSETCATALOG_COMPILER_APPICON_NAME = AppIcon;
				ASSETCATALOG_COMPILER_GLOBAL_ACCENT_COLOR_NAME = AccentColor;
				CODE_SIGN_STYLE = Automatic;
				CURRENT_PROJECT_VERSION = 1;
				DEVELOPMENT_ASSET_PATHS = "\"Mood Scribbler/Preview Content\"";
				DEVELOPMENT_TEAM = HD2Z52M274;
				ENABLE_PREVIEWS = YES;
				GENERATE_INFOPLIST_FILE = YES;
				INFOPLIST_FILE = "Mood-Scribbler-Info.plist";
				INFOPLIST_KEY_UIApplicationSceneManifest_Generation = YES;
				INFOPLIST_KEY_UIApplicationSupportsIndirectInputEvents = YES;
				INFOPLIST_KEY_UILaunchScreen_Generation = YES;
				INFOPLIST_KEY_UISupportedInterfaceOrientations_iPad = "UIInterfaceOrientationPortrait UIInterfaceOrientationPortraitUpsideDown UIInterfaceOrientationLandscapeLeft UIInterfaceOrientationLandscapeRight";
				INFOPLIST_KEY_UISupportedInterfaceOrientations_iPhone = "UIInterfaceOrientationPortrait UIInterfaceOrientationLandscapeLeft UIInterfaceOrientationLandscapeRight";
				INFOPLIST_KEY_UIUserInterfaceStyle = Dark;
				IPHONEOS_DEPLOYMENT_TARGET = 18.0;
				LD_RUNPATH_SEARCH_PATHS = (
					"$(inherited)",
					"@executable_path/Frameworks",
				);
				MARKETING_VERSION = 1.0;
				PRODUCT_BUNDLE_IDENTIFIER = "com.alvindizon.Mood-Scribbler";
				PRODUCT_NAME = "$(TARGET_NAME)";
				SWIFT_EMIT_LOC_STRINGS = YES;
				SWIFT_VERSION = 5.0;
				TARGETED_DEVICE_FAMILY = "1,2";
			};
			name = Release;
		};
/* End XCBuildConfiguration section */

/* Begin XCConfigurationList section */
		82D1C8932D0EE67900265643 /* Build configuration list for PBXProject "Mood Scribbler" */ = {
			isa = XCConfigurationList;
			buildConfigurations = (
				82D1C8A42D0EE67A00265643 /* Debug */,
				82D1C8A52D0EE67A00265643 /* Release */,
			);
			defaultConfigurationIsVisible = 0;
			defaultConfigurationName = Release;
		};
		82D1C8A62D0EE67A00265643 /* Build configuration list for PBXNativeTarget "Mood Scribbler" */ = {
			isa = XCConfigurationList;
			buildConfigurations = (
				82D1C8A72D0EE67A00265643 /* Debug */,
				82D1C8A82D0EE67A00265643 /* Release */,
			);
			defaultConfigurationIsVisible = 0;
			defaultConfigurationName = Release;
		};
/* End XCConfigurationList section */
	};
	rootObject = 82D1C8902D0EE67900265643 /* Project object */;
}
